{
  "version": 4,
  "terraform_version": "1.2.5",
  "serial": 191,
  "lineage": "398f4c23-22c3-8145-3f4c-7fa1e1ca0437",
  "outputs": {
    "vm_ip": {
      "value": [
        "10.21.152.168"
      ],
      "type": [
        "tuple",
        [
          "string"
        ]
      ]
    }
  },
  "resources": [
    {
      "module": "module.vm",
      "mode": "data",
      "type": "vsphere_compute_cluster",
      "name": "cluster",
      "provider": "provider[\"registry.terraform.io/hashicorp/vsphere\"]",
      "instances": [
        {
          "schema_version": 0,
          "attributes": {
            "datacenter_id": "datacenter-1001",
            "id": "domain-c48312",
            "name": "se-shared-test-pod",
            "resource_pool_id": "resgroup-48313"
          },
          "sensitive_attributes": []
        }
      ]
    },
    {
      "module": "module.vm",
      "mode": "data",
      "type": "vsphere_datacenter",
      "name": "datacenter",
      "provider": "provider[\"registry.terraform.io/hashicorp/vsphere\"]",
      "instances": [
        {
          "schema_version": 0,
          "attributes": {
            "id": "datacenter-1001",
            "name": null
          },
          "sensitive_attributes": []
        }
      ]
    },
    {
      "module": "module.vm",
      "mode": "data",
      "type": "vsphere_datastore",
      "name": "datastore_data",
      "provider": "provider[\"registry.terraform.io/hashicorp/vsphere\"]",
      "instances": [
        {
          "schema_version": 0,
          "attributes": {
            "datacenter_id": "datacenter-1001",
            "id": "datastore-3157",
            "name": "Template"
          },
          "sensitive_attributes": []
        }
      ]
    },
    {
      "module": "module.vm",
      "mode": "data",
      "type": "vsphere_datastore",
      "name": "datastore_os",
      "provider": "provider[\"registry.terraform.io/hashicorp/vsphere\"]",
      "instances": [
        {
          "schema_version": 0,
          "attributes": {
            "datacenter_id": "datacenter-1001",
            "id": "datastore-3157",
            "name": "Template"
          },
          "sensitive_attributes": []
        }
      ]
    },
    {
      "module": "module.vm",
      "mode": "data",
      "type": "vsphere_network",
      "name": "network",
      "provider": "provider[\"registry.terraform.io/hashicorp/vsphere\"]",
      "instances": [
        {
          "schema_version": 0,
          "attributes": {
            "datacenter_id": "datacenter-1001",
            "distributed_virtual_switch_uuid": null,
            "id": "dvportgroup-2102",
            "name": "VLAN2152",
            "type": "DistributedVirtualPortgroup"
          },
          "sensitive_attributes": []
        }
      ]
    },
    {
      "module": "module.vm",
      "mode": "data",
      "type": "vsphere_resource_pool",
      "name": "pool",
      "provider": "provider[\"registry.terraform.io/hashicorp/vsphere\"]",
      "instances": [
        {
          "schema_version": 0,
          "attributes": {
            "datacenter_id": "datacenter-1001",
            "id": "resgroup-48313",
            "name": "se-shared-test-pod/Resources"
          },
          "sensitive_attributes": []
        }
      ]
    },
    {
      "module": "module.vm",
      "mode": "data",
      "type": "vsphere_virtual_machine",
      "name": "template",
      "provider": "provider[\"registry.terraform.io/hashicorp/vsphere\"]",
      "instances": [
        {
          "schema_version": 0,
          "attributes": {
            "alternate_guest_name": "",
            "annotation": "Packer built.",
            "boot_delay": 0,
            "boot_retry_delay": 10000,
            "boot_retry_enabled": false,
            "change_version": "2022-08-11T08:34:57.104437Z",
            "cpu_hot_add_enabled": true,
            "cpu_hot_remove_enabled": false,
            "cpu_limit": -1,
            "cpu_performance_counters_enabled": false,
            "cpu_reservation": 0,
            "cpu_share_count": 1000,
            "cpu_share_level": "normal",
            "datacenter_id": "datacenter-1001",
            "default_ip_address": null,
            "disks": [
              {
                "eagerly_scrub": false,
                "label": "Hard disk 1",
                "size": 2,
                "thin_provisioned": true,
                "unit_number": 0
              },
              {
                "eagerly_scrub": false,
                "label": "Hard disk 2",
                "size": 40,
                "thin_provisioned": true,
                "unit_number": 1
              }
            ],
            "efi_secure_boot_enabled": false,
            "enable_disk_uuid": false,
            "enable_logging": true,
            "ept_rvi_mode": "automatic",
            "extra_config": {},
            "firmware": "bios",
            "guest_id": "rhel8_64Guest",
            "guest_ip_addresses": [],
            "hardware_version": 14,
            "hv_mode": "hvAuto",
            "id": "4208456d-2b01-6164-df4a-f3ec169c5a5e",
            "ide_controller_scan_count": 2,
            "latency_sensitivity": "normal",
            "memory": 4096,
            "memory_hot_add_enabled": true,
            "memory_limit": -1,
            "memory_reservation": 0,
            "memory_share_count": 320,
            "memory_share_level": "normal",
            "name": "rhel8_packer11082022",
            "nested_hv_enabled": false,
            "network_interface_types": [
              "vmxnet3"
            ],
            "network_interfaces": [
              {
                "adapter_type": "vmxnet3",
                "bandwidth_limit": -1,
                "bandwidth_reservation": 0,
                "bandwidth_share_count": 50,
                "bandwidth_share_level": "normal",
                "mac_address": "00:50:56:88:37:92",
                "network_id": "dvportgroup-2060"
              }
            ],
            "num_cores_per_socket": 1,
            "num_cpus": 2,
            "replace_trigger": null,
            "run_tools_scripts_after_power_on": true,
            "run_tools_scripts_after_resume": true,
            "run_tools_scripts_before_guest_reboot": false,
            "run_tools_scripts_before_guest_shutdown": true,
            "run_tools_scripts_before_guest_standby": true,
            "sata_controller_scan_count": 0,
            "scsi_bus_sharing": "noSharing",
            "scsi_controller_scan_count": 1,
            "scsi_type": "pvscsi",
            "storage_policy_id": null,
            "swap_placement_policy": "inherit",
            "sync_time_with_host": false,
            "sync_time_with_host_periodically": false,
            "tools_upgrade_policy": "manual",
            "uuid": "4208456d-2b01-6164-df4a-f3ec169c5a5e",
            "vapp": null,
            "vapp_transport": [],
            "vbs_enabled": false,
            "vvtd_enabled": false
          },
          "sensitive_attributes": []
        }
      ]
    },
    {
      "module": "module.vm",
      "mode": "managed",
      "type": "vsphere_virtual_machine",
      "name": "vm",
      "provider": "provider[\"registry.terraform.io/hashicorp/vsphere\"]",
      "instances": [
        {
          "index_key": 0,
          "schema_version": 3,
          "attributes": {
            "alternate_guest_name": "",
            "annotation": "Packer built.",
            "boot_delay": 0,
            "boot_retry_delay": 10000,
            "boot_retry_enabled": false,
            "cdrom": [],
            "change_version": "2022-12-11T14:55:17.684634Z",
            "clone": [
              {
                "customize": [
                  {
                    "dns_server_list": [
                      "10.21.237.250"
                    ],
                    "dns_suffix_list": [
                      "puretec.purestorage.com."
                    ],
                    "ipv4_gateway": "10.21.152.1",
                    "ipv6_gateway": "",
                    "linux_options": [
                      {
                        "domain": "puretec.purestorage.com",
                        "host_name": "mysql-vm-1",
                        "hw_clock_utc": true,
                        "time_zone": ""
                      }
                    ],
                    "network_interface": [
                      {
                        "dns_domain": "",
                        "dns_server_list": null,
                        "ipv4_address": "10.21.152.168",
                        "ipv4_netmask": 24,
                        "ipv6_address": "",
                        "ipv6_netmask": 0
                      }
                    ],
                    "timeout": 10,
                    "windows_options": [],
                    "windows_sysprep_text": ""
                  }
                ],
                "linked_clone": false,
                "ovf_network_map": null,
                "ovf_storage_map": null,
                "template_uuid": "4208456d-2b01-6164-df4a-f3ec169c5a5e",
                "timeout": 30
              }
            ],
            "cpu_hot_add_enabled": false,
            "cpu_hot_remove_enabled": false,
            "cpu_limit": -1,
            "cpu_performance_counters_enabled": false,
            "cpu_reservation": 0,
            "cpu_share_count": 16000,
            "cpu_share_level": "normal",
            "custom_attributes": null,
            "datacenter_id": null,
            "datastore_cluster_id": null,
            "datastore_id": "datastore-3157",
            "default_ip_address": "10.21.152.168",
            "disk": [
              {
                "attach": false,
                "controller_type": "scsi",
                "datastore_id": "datastore-3157",
                "device_address": "scsi:0:0",
                "disk_mode": "persistent",
                "disk_sharing": "sharingNone",
                "eagerly_scrub": false,
                "io_limit": -1,
                "io_reservation": 0,
                "io_share_count": 1000,
                "io_share_level": "normal",
                "keep_on_remove": false,
                "key": 2000,
                "label": "BOOT-DISK",
                "path": "mysql-vm-1.puretec.purestorage.com/mysql-vm-1.puretec.purestorage.com.vmdk",
                "size": 2,
                "storage_policy_id": "",
                "thin_provisioned": true,
                "unit_number": 0,
                "uuid": "6000C296-5f65-83b6-9c83-7a966a4f03f6",
                "write_through": false
              },
              {
                "attach": false,
                "controller_type": "scsi",
                "datastore_id": "datastore-3157",
                "device_address": "scsi:0:1",
                "disk_mode": "persistent",
                "disk_sharing": "sharingNone",
                "eagerly_scrub": false,
                "io_limit": -1,
                "io_reservation": 0,
                "io_share_count": 1000,
                "io_share_level": "normal",
                "keep_on_remove": false,
                "key": 2001,
                "label": "OS-DISK",
                "path": "mysql-vm-1.puretec.purestorage.com/mysql-vm-1.puretec.purestorage.com_1.vmdk",
                "size": 100,
                "storage_policy_id": "",
                "thin_provisioned": true,
                "unit_number": 1,
                "uuid": "6000C29c-33e8-a2cd-8dd8-fbc17028f689",
                "write_through": false
              },
              {
                "attach": false,
                "controller_type": "scsi",
                "datastore_id": "datastore-3157",
                "device_address": "scsi:0:2",
                "disk_mode": "persistent",
                "disk_sharing": "sharingNone",
                "eagerly_scrub": false,
                "io_limit": -1,
                "io_reservation": 0,
                "io_share_count": 1000,
                "io_share_level": "normal",
                "keep_on_remove": false,
                "key": 2002,
                "label": "DATA-DISK1",
                "path": "mysql-vm-1.puretec.purestorage.com/mysql-vm-1.puretec.purestorage.com_2.vmdk",
                "size": 10,
                "storage_policy_id": "",
                "thin_provisioned": true,
                "unit_number": 2,
                "uuid": "6000C294-1eb2-b9bd-6a2d-22ec5f86f1f8",
                "write_through": false
              }
            ],
            "efi_secure_boot_enabled": false,
            "enable_disk_uuid": false,
            "enable_logging": false,
            "ept_rvi_mode": "automatic",
            "extra_config": null,
            "firmware": "bios",
            "folder": "",
            "force_power_off": true,
            "guest_id": "rhel8_64Guest",
            "guest_ip_addresses": [
              "10.21.152.168",
              "fe80::250:56ff:fe88:b992"
            ],
            "hardware_version": 14,
            "host_system_id": "host-48316",
            "hv_mode": "hvAuto",
            "id": "4208b62f-6388-09c3-8447-393a36f38366",
            "ide_controller_count": 2,
            "ignored_guest_ips": null,
            "imported": null,
            "latency_sensitivity": "normal",
            "memory": 16384,
            "memory_hot_add_enabled": false,
            "memory_limit": -1,
            "memory_reservation": 0,
            "memory_share_count": 163840,
            "memory_share_level": "normal",
            "migrate_wait_timeout": 30,
            "moid": "vm-48707",
            "name": "mysql-vm-1.puretec.purestorage.com",
            "nested_hv_enabled": false,
            "network_interface": [
              {
                "adapter_type": "vmxnet3",
                "bandwidth_limit": -1,
                "bandwidth_reservation": 0,
                "bandwidth_share_count": 50,
                "bandwidth_share_level": "normal",
                "device_address": "pci:0:7",
                "key": 4000,
                "mac_address": "00:50:56:88:b9:92",
                "network_id": "dvportgroup-2102",
                "ovf_mapping": "",
                "use_static_mac": false
              }
            ],
            "num_cores_per_socket": 2,
            "num_cpus": 16,
            "ovf_deploy": [],
            "pci_device_id": null,
            "power_state": "on",
            "poweron_timeout": 300,
            "reboot_required": false,
            "replace_trigger": null,
            "resource_pool_id": "resgroup-48313",
            "run_tools_scripts_after_power_on": true,
            "run_tools_scripts_after_resume": true,
            "run_tools_scripts_before_guest_reboot": false,
            "run_tools_scripts_before_guest_shutdown": true,
            "run_tools_scripts_before_guest_standby": true,
            "sata_controller_count": 0,
            "scsi_bus_sharing": "noSharing",
            "scsi_controller_count": 1,
            "scsi_type": "pvscsi",
            "shutdown_wait_timeout": 3,
            "storage_policy_id": "",
            "swap_placement_policy": "inherit",
            "sync_time_with_host": false,
            "sync_time_with_host_periodically": false,
            "tags": null,
            "tools_upgrade_policy": "manual",
            "uuid": "4208b62f-6388-09c3-8447-393a36f38366",
            "vapp": [],
            "vapp_transport": [],
            "vbs_enabled": false,
            "vmware_tools_status": "guestToolsRunning",
            "vmx_path": "mysql-vm-1.puretec.purestorage.com/mysql-vm-1.puretec.purestorage.com.vmx",
            "vvtd_enabled": false,
            "wait_for_guest_ip_timeout": 0,
            "wait_for_guest_net_routable": true,
            "wait_for_guest_net_timeout": 5
          },
          "sensitive_attributes": [],
          "private": "eyJzY2hlbWFfdmVyc2lvbiI6IjMifQ==",
          "dependencies": [
            "module.vm.data.vsphere_datastore.datastore_data",
            "module.vm.data.vsphere_datastore.datastore_os",
            "module.vm.data.vsphere_network.network",
            "module.vm.data.vsphere_resource_pool.pool",
            "module.vm.data.vsphere_virtual_machine.template"
          ]
        }
      ]
    }
  ]
}
